{
  "name": "agentic-stlc-capstone",
  "version": "1.0.0",
  "lockfileVersion": 3,
  "requires": true,
  "packages": {
    "": {
      "name": "agentic-stlc-capstone",
      "version": "1.0.0",
      "devDependencies": {
        "@playwright/test": "1.49.0",
        "@types/node": "20.14.12",
        "dotenv": "16.4.5",
        "typescript": "5.5.4"
      }
    },
    "node_modules/@playwright/test": {
      "version": "1.49.0",
      "dev": true,
      "dependencies": {
        "playwright": "1.49.0"
      }
    },
    "node_modules/@types/node": {
      "version": "20.14.12",
      "dev": true
    },
    "node_modules/dotenv": {
      "version": "16.4.5",
      "dev": true
    },
    "node_modules/playwright": {
      "version": "1.49.0",
      "dev": true,
      "dependencies": {
        "playwright-core": "1.49.0"
      }
    },
    "node_modules/playwright-core": {
      "version": "1.49.0",
      "dev": true
    },
    "node_modules/typescript": {
      "version": "5.5.4",
      "dev": true
    }
  },
  "dependencies": {
    "@playwright/test": {
      "version": "1.49.0",
      "requires": {
        "playwright": "1.49.0"
      }
    },
    "@types/node": {
      "version": "20.14.12"
    },
    "dotenv": {
      "version": "16.4.5"
    },
    "playwright": {
      "version": "1.49.0",
      "requires": {
        "playwright-core": "1.49.0"
      }
    },
    "playwright-core": {
      "version": "1.49.0"
    },
    "typescript": {
      "version": "5.5.4"
    }
  }
}