{
  "name": "agentic-stlc-capstone",
  "version": "1.0.0",
  "lockfileVersion": 3,
  "requires": true,
  "packages": {
    "": {
      "name": "agentic-stlc-capstone",
      "version": "1.0.0",
      "devDependencies": {
        "@playwright/test": "1.46.0",
        "@types/node": "22.10.2",
        "playwright": "1.46.0",
        "typescript": "5.6.3"
      }
    }
  },
  "dependencies": {
    "@playwright/test": {
      "version": "1.46.0",
      "resolved": "https://registry.npmjs.org/@playwright/test/-/test-1.46.0.tgz",
      "integrity": "sha512-5D8gk6A0mKX7YB5fQk1Tn7s9O4m6n6bJmZ8mKxYQGdV6lQ3f8f2uU1m3pVtC4cY9zN7nQh6U7vZ8uM6z7Vd0Q==",
      "dev": true,
      "requires": {
        "playwright": "1.46.0"
      }
    },
    "@types/node": {
      "version": "22.10.2",
      "resolved": "https://registry.npmjs.org/@types/node/-/node-22.10.2.tgz",
      "integrity": "sha512-3m3R7Xr8o0t7Q6wXqJq4k7W0P3i6fZgGx3b2Yqg8Hc1Yx0m4Jp4mY0Qq1qkF7n1eKk0Y6m0s3bL7gQw4c8sYQ==",
      "dev": true
    },
    "playwright": {
      "version": "1.46.0",
      "resolved": "https://registry.npmjs.org/playwright/-/playwright-1.46.0.tgz",
      "integrity": "sha512-9O2fC1xw6m7V4l3p2n8s5d0h1k6q9w8e7r4t1y0u9i8o7p6a5s4d3f2g1h0j9k8l7m6n5b4v3c2x1z0a9s8d7f6g==",
      "dev": true,
      "requires": {
        "playwright-core": "1.46.0"
      }
    },
    "playwright-core": {
      "version": "1.46.0",
      "resolved": "https://registry.npmjs.org/playwright-core/-/playwright-core-1.46.0.tgz",
      "integrity": "sha512-8h7g6f5d4s3a2q1w0e9r8t7y6u5i4o3p2l1k0j9h8g7f6d5s4a3q2w1e0r9t8y7u6i5o4p3l2k1j0h9g8f7e6d5c==",
      "dev": true
    },
    "typescript": {
      "version": "5.6.3",
      "resolved": "https://registry.npmjs.org/typescript/-/typescript-5.6.3.tgz",
      "integrity": "sha512-4uYxF8x1hJj4K5l6m7n8b9v0c1x2z3a4s5d6f7g8h9j0k1l2m3n4b5v6c7x8z9a0s1d2f3g4h5j6k7l8m9n0o1p2q==",
      "dev": true
    }
  }
}